
Microsoft Visual Studio Solution File, Format Version 12.00
# Visual Studio Version 17
VisualStudioVersion = 17.7.34031.279
MinimumVisualStudioVersion = 10.0.40219.1
Project("{FAE04EC0-301F-11D3-BF4B-00C04F79EFBC}") = "ExcelWorkbookDemo1", "ExcelWorkbookDemo1\ExcelWorkbookDemo1.csproj", "{5D8A0111-78D7-4700-86D3-77967679D92E}"
EndProject
Global
	GlobalSection(SolutionConfigurationPlatforms) = preSolution
		Debug|Any CPU = Debug|Any CPU
		Release|Any CPU = Release|Any CPU
	EndGlobalSection
	GlobalSection(ProjectConfigurationPlatforms) = postSolution
		{5D8A0111-78D7-4700-86D3-77967679D92E}.Debug|Any CPU.ActiveCfg = Debug|Any CPU
		{5D8A0111-78D7-4700-86D3-77967679D92E}.Debug|Any CPU.Build.0 = Debug|Any CPU
		{5D8A0111-78D7-4700-86D3-77967679D92E}.Release|Any CPU.ActiveCfg = Release|Any CPU
		{5D8A0111-78D7-4700-86D3-77967679D92E}.Release|Any CPU.Build.0 = Release|Any CPU
	EndGlobalSection
	GlobalSection(SolutionProperties) = preSolution
		HideSolutionNode = FALSE
	EndGlobalSection
	GlobalSection(ExtensibilityGlobals) = postSolution
		SolutionGuid = {60735F0B-F1E0-40C8-BDEF-0C79F56086F5}
	EndGlobalSection
EndGlobal
