
Microsoft Visual Studio Solution File, Format Version 12.00
# Visual Studio Version 17
VisualStudioVersion = 17.7.34031.279
MinimumVisualStudioVersion = 10.0.40219.1
Project("{FAE04EC0-301F-11D3-BF4B-00C04F79EFBC}") = "WorkBookObjectModelDemo1", "WorkBookObjectModelDemo1\WorkBookObjectModelDemo1.csproj", "{10B5C76A-12B4-47BC-855A-EE7A862C2CB4}"
EndProject
Global
	GlobalSection(SolutionConfigurationPlatforms) = preSolution
		Debug|Any CPU = Debug|Any CPU
		Release|Any CPU = Release|Any CPU
	EndGlobalSection
	GlobalSection(ProjectConfigurationPlatforms) = postSolution
		{10B5C76A-12B4-47BC-855A-EE7A862C2CB4}.Debug|Any CPU.ActiveCfg = Debug|Any CPU
		{10B5C76A-12B4-47BC-855A-EE7A862C2CB4}.Debug|Any CPU.Build.0 = Debug|Any CPU
		{10B5C76A-12B4-47BC-855A-EE7A862C2CB4}.Release|Any CPU.ActiveCfg = Release|Any CPU
		{10B5C76A-12B4-47BC-855A-EE7A862C2CB4}.Release|Any CPU.Build.0 = Release|Any CPU
	EndGlobalSection
	GlobalSection(SolutionProperties) = preSolution
		HideSolutionNode = FALSE
	EndGlobalSection
	GlobalSection(ExtensibilityGlobals) = postSolution
		SolutionGuid = {A313FB0D-0573-4A82-9CD3-359FBCE0AE6B}
	EndGlobalSection
EndGlobal
