
Microsoft Visual Studio Solution File, Format Version 12.00
# Visual Studio Version 17
VisualStudioVersion = 17.7.34202.233
MinimumVisualStudioVersion = 10.0.40219.1
Project("{FAE04EC0-301F-11D3-BF4B-00C04F79EFBC}") = "AddInObjectModelDemo1", "AddInObjectModelDemo1\AddInObjectModelDemo1.csproj", "{DAC84F7E-FE2B-4C3F-9061-58A4B3315E59}"
EndProject
Global
	GlobalSection(SolutionConfigurationPlatforms) = preSolution
		Debug|Any CPU = Debug|Any CPU
		Release|Any CPU = Release|Any CPU
	EndGlobalSection
	GlobalSection(ProjectConfigurationPlatforms) = postSolution
		{DAC84F7E-FE2B-4C3F-9061-58A4B3315E59}.Debug|Any CPU.ActiveCfg = Debug|Any CPU
		{DAC84F7E-FE2B-4C3F-9061-58A4B3315E59}.Debug|Any CPU.Build.0 = Debug|Any CPU
		{DAC84F7E-FE2B-4C3F-9061-58A4B3315E59}.Release|Any CPU.ActiveCfg = Release|Any CPU
		{DAC84F7E-FE2B-4C3F-9061-58A4B3315E59}.Release|Any CPU.Build.0 = Release|Any CPU
	EndGlobalSection
	GlobalSection(SolutionProperties) = preSolution
		HideSolutionNode = FALSE
	EndGlobalSection
	GlobalSection(ExtensibilityGlobals) = postSolution
		SolutionGuid = {E077A73C-EC43-4498-8007-BE51C2D63282}
	EndGlobalSection
EndGlobal
